// !$*UTF8*$!
{
	archiveVersion = 1;
	classes = {
	};
	objectVersion = 77;
	objects = {

/* Begin PBXBuildFile section */
		132AE3152D97A92F004CC560 /* Media.xcassets in Resources */ = {isa = PBXBuildFile; fileRef = 132AE3142D97A92F004CC560 /* Media.xcassets */; };
		132AE3162D97A92F004CC560 /* Media.xcassets in Resources */ = {isa = PBXBuildFile; fileRef = 132AE3142D97A92F004CC560 /* Media.xcassets */; };
		13433B532D90835E00E03BE3 /* Config.swift in Sources */ = {isa = PBXBuildFile; fileRef = 13433B522D90835E00E03BE3 /* Config.swift */; };
		13433B542D90835E00E03BE3 /* Config.swift in Sources */ = {isa = PBXBuildFile; fileRef = 13433B522D90835E00E03BE3 /* Config.swift */; };
		135FEC3B2D922587002F4A91 /* Queries.swift in Sources */ = {isa = PBXBuildFile; fileRef = 135FEC3A2D922587002F4A91 /* Queries.swift */; };
		135FEC3C2D922587002F4A91 /* Queries.swift in Sources */ = {isa = PBXBuildFile; fileRef = 135FEC3A2D922587002F4A91 /* Queries.swift */; };
		C13CBED12D97C9C40039A11E /* CodeScanner in Frameworks */ = {isa = PBXBuildFile; productRef = C13CBED02D97C9C40039A11E /* CodeScanner */; };
/* End PBXBuildFile section */

/* Begin PBXFileReference section */
		132AE3142D97A92F004CC560 /* Media.xcassets */ = {isa = PBXFileReference; lastKnownFileType = folder.assetcatalog; path = Media.xcassets; sourceTree = "<group>"; };
		134336D42D8F8E7900E03BE3 /* ReefCycle.app */ = {isa = PBXFileReference; explicitFileType = wrapper.application; includeInIndex = 0; path = ReefCycle.app; sourceTree = BUILT_PRODUCTS_DIR; };
		134336EE2D8F8ECE00E03BE3 /* ReefMaster.app */ = {isa = PBXFileReference; explicitFileType = wrapper.application; includeInIndex = 0; path = ReefMaster.app; sourceTree = BUILT_PRODUCTS_DIR; };
		13433B522D90835E00E03BE3 /* Config.swift */ = {isa = PBXFileReference; lastKnownFileType = sourcecode.swift; path = Config.swift; sourceTree = "<group>"; };
		135FEC3A2D922587002F4A91 /* Queries.swift */ = {isa = PBXFileReference; lastKnownFileType = sourcecode.swift; path = Queries.swift; sourceTree = "<group>"; };
/* End PBXFileReference section */

/* Begin PBXFileSystemSynchronizedBuildFileExceptionSet section */
		134336E42D8F8E7A00E03BE3 /* Exceptions for "ReefCycle" folder in "ReefCycle" target */ = {
			isa = PBXFileSystemSynchronizedBuildFileExceptionSet;
			membershipExceptions = (
				Info.plist,
			);
			target = 134336D32D8F8E7900E03BE3 /* ReefCycle */;
		};
		134336FD2D8F8ECF00E03BE3 /* Exceptions for "ReefMaster" folder in "ReefMaster" target */ = {
			isa = PBXFileSystemSynchronizedBuildFileExceptionSet;
			membershipExceptions = (
				Info.plist,
			);
			target = 134336ED2D8F8ECE00E03BE3 /* ReefMaster */;
		};
		1343370A2D8F90C000E03BE3 /* Exceptions for "Model" folder in "ReefCycle" target */ = {
			isa = PBXFileSystemSynchronizedBuildFileExceptionSet;
			membershipExceptions = (
				CustomReefy.swift,
				Institution.swift,
				ReefKeeper.swift,
				ReefMaster.swift,
				User.swift,
			);
			target = 134336D32D8F8E7900E03BE3 /* ReefCycle */;
		};
		134339742D906C5600E03BE3 /* Exceptions for "Model" folder in "ReefMaster" target */ = {
			isa = PBXFileSystemSynchronizedBuildFileExceptionSet;
			membershipExceptions = (
				CustomReefy.swift,
				Institution.swift,
				ReefKeeper.swift,
				ReefMaster.swift,
				User.swift,
			);
			target = 134336ED2D8F8ECE00E03BE3 /* ReefMaster */;
		};
		134339812D90721A00E03BE3 /* Exceptions for "ViewModel" folder in "ReefCycle" target */ = {
			isa = PBXFileSystemSynchronizedBuildFileExceptionSet;
			membershipExceptions = (
				InstitutionViewModel.swift,
				ReefCycleViewModel.swift,
				ReefKeeperViewModel.swift,
				UserViewModel.swift,
			);
			target = 134336D32D8F8E7900E03BE3 /* ReefCycle */;
		};
		134339822D90721A00E03BE3 /* Exceptions for "ViewModel" folder in "ReefMaster" target */ = {
			isa = PBXFileSystemSynchronizedBuildFileExceptionSet;
			membershipExceptions = (
				InstitutionViewModel.swift,
				ReefCycleViewModel.swift,
				ReefKeeperViewModel.swift,
				UserViewModel.swift,
			);
			target = 134336ED2D8F8ECE00E03BE3 /* ReefMaster */;
		};
		13433B622D90959400E03BE3 /* Exceptions for "View" folder in "ReefCycle" target */ = {
			isa = PBXFileSystemSynchronizedBuildFileExceptionSet;
			membershipExceptions = (
				Detail/InstitutionView.swift,
				Detail/KeeperReefView.swift,
				Detail/UserView.swift,
				EditUserView.swift,
				LeaderBoards/InstitutionsView.swift,
				LeaderBoards/LeaderBoardsView.swift,
				LeaderBoards/ReefKeepersView.swift,
				Preview/InstitutionPreview.swift,
				Preview/ReefKeeperPreview.swift,
				ReefyView.swift,
			);
			target = 134336D32D8F8E7900E03BE3 /* ReefCycle */;
		};
		13433B632D90959400E03BE3 /* Exceptions for "View" folder in "ReefMaster" target */ = {
			isa = PBXFileSystemSynchronizedBuildFileExceptionSet;
			membershipExceptions = (
				Detail/InstitutionView.swift,
				Detail/KeeperReefView.swift,
				Detail/UserView.swift,
				EditUserView.swift,
				LeaderBoards/InstitutionsView.swift,
				LeaderBoards/LeaderBoardsView.swift,
				LeaderBoards/ReefKeepersView.swift,
				Preview/InstitutionPreview.swift,
				Preview/ReefKeeperPreview.swift,
				ReefyView.swift,
			);
			target = 134336ED2D8F8ECE00E03BE3 /* ReefMaster */;
		};
/* End PBXFileSystemSynchronizedBuildFileExceptionSet section */

/* Begin PBXFileSystemSynchronizedRootGroup section */
		134336D62D8F8E7900E03BE3 /* ReefCycle */ = {
			isa = PBXFileSystemSynchronizedRootGroup;
			exceptions = (
				134336E42D8F8E7A00E03BE3 /* Exceptions for "ReefCycle" folder in "ReefCycle" target */,
			);
			path = ReefCycle;
			sourceTree = "<group>";
		};
		134336EF2D8F8ECE00E03BE3 /* ReefMaster */ = {
			isa = PBXFileSystemSynchronizedRootGroup;
			exceptions = (
				134336FD2D8F8ECF00E03BE3 /* Exceptions for "ReefMaster" folder in "ReefMaster" target */,
			);
			path = ReefMaster;
			sourceTree = "<group>";
		};
		134337052D8F909400E03BE3 /* Model */ = {
			isa = PBXFileSystemSynchronizedRootGroup;
			exceptions = (
				1343370A2D8F90C000E03BE3 /* Exceptions for "Model" folder in "ReefCycle" target */,
				134339742D906C5600E03BE3 /* Exceptions for "Model" folder in "ReefMaster" target */,
			);
			path = Model;
			sourceTree = "<group>";
		};
		134337072D8F90A800E03BE3 /* ViewModel */ = {
			isa = PBXFileSystemSynchronizedRootGroup;
			exceptions = (
				134339812D90721A00E03BE3 /* Exceptions for "ViewModel" folder in "ReefCycle" target */,
				134339822D90721A00E03BE3 /* Exceptions for "ViewModel" folder in "ReefMaster" target */,
			);
			path = ViewModel;
			sourceTree = "<group>";
		};
		13433B4D2D907D4F00E03BE3 /* View */ = {
			isa = PBXFileSystemSynchronizedRootGroup;
			exceptions = (
				13433B622D90959400E03BE3 /* Exceptions for "View" folder in "ReefCycle" target */,
				13433B632D90959400E03BE3 /* Exceptions for "View" folder in "ReefMaster" target */,
			);
			path = View;
			sourceTree = "<group>";
		};
/* End PBXFileSystemSynchronizedRootGroup section */

/* Begin PBXFrameworksBuildPhase section */
		134336D12D8F8E7900E03BE3 /* Frameworks */ = {
			isa = PBXFrameworksBuildPhase;
			buildActionMask = 2147483647;
			files = (
			);
			runOnlyForDeploymentPostprocessing = 0;
		};
		134336EB2D8F8ECE00E03BE3 /* Frameworks */ = {
			isa = PBXFrameworksBuildPhase;
			buildActionMask = 2147483647;
			files = (
				C13CBED12D97C9C40039A11E /* CodeScanner in Frameworks */,
			);
			runOnlyForDeploymentPostprocessing = 0;
		};
/* End PBXFrameworksBuildPhase section */

/* Begin PBXGroup section */
		134336CB2D8F8E7900E03BE3 = {
			isa = PBXGroup;
			children = (
				134337042D8F908800E03BE3 /* Shared */,
				134336D62D8F8E7900E03BE3 /* ReefCycle */,
				134336EF2D8F8ECE00E03BE3 /* ReefMaster */,
				134336D52D8F8E7900E03BE3 /* Products */,
			);
			sourceTree = "<group>";
		};
		134336D52D8F8E7900E03BE3 /* Products */ = {
			isa = PBXGroup;
			children = (
				134336D42D8F8E7900E03BE3 /* ReefCycle.app */,
				134336EE2D8F8ECE00E03BE3 /* ReefMaster.app */,
			);
			name = Products;
			sourceTree = "<group>";
		};
		134337042D8F908800E03BE3 /* Shared */ = {
			isa = PBXGroup;
			children = (
				13433B4D2D907D4F00E03BE3 /* View */,
				134337052D8F909400E03BE3 /* Model */,
				134337072D8F90A800E03BE3 /* ViewModel */,
				13433B522D90835E00E03BE3 /* Config.swift */,
				135FEC3A2D922587002F4A91 /* Queries.swift */,
				132AE3142D97A92F004CC560 /* Media.xcassets */,
			);
			path = Shared;
			sourceTree = "<group>";
		};
/* End PBXGroup section */

/* Begin PBXNativeTarget section */
		134336D32D8F8E7900E03BE3 /* ReefCycle */ = {
			isa = PBXNativeTarget;
			buildConfigurationList = 134336E52D8F8E7A00E03BE3 /* Build configuration list for PBXNativeTarget "ReefCycle" */;
			buildPhases = (
				134336D02D8F8E7900E03BE3 /* Sources */,
				134336D12D8F8E7900E03BE3 /* Frameworks */,
				134336D22D8F8E7900E03BE3 /* Resources */,
			);
			buildRules = (
			);
			dependencies = (
			);
			fileSystemSynchronizedGroups = (
				134336D62D8F8E7900E03BE3 /* ReefCycle */,
			);
			name = ReefCycle;
			packageProductDependencies = (
			);
			productName = ReefCycle;
			productReference = 134336D42D8F8E7900E03BE3 /* ReefCycle.app */;
			productType = "com.apple.product-type.application";
		};
		134336ED2D8F8ECE00E03BE3 /* ReefMaster */ = {
			isa = PBXNativeTarget;
			buildConfigurationList = 134336FE2D8F8ECF00E03BE3 /* Build configuration list for PBXNativeTarget "ReefMaster" */;
			buildPhases = (
				134336EA2D8F8ECE00E03BE3 /* Sources */,
				134336EB2D8F8ECE00E03BE3 /* Frameworks */,
				134336EC2D8F8ECE00E03BE3 /* Resources */,
			);
			buildRules = (
			);
			dependencies = (
			);
			fileSystemSynchronizedGroups = (
				134336EF2D8F8ECE00E03BE3 /* ReefMaster */,
			);
			name = ReefMaster;
			packageProductDependencies = (
				C13CBED02D97C9C40039A11E /* CodeScanner */,
			);
			productName = ReefMaster;
			productReference = 134336EE2D8F8ECE00E03BE3 /* ReefMaster.app */;
			productType = "com.apple.product-type.application";
		};
/* End PBXNativeTarget section */

/* Begin PBXProject section */
		134336CC2D8F8E7900E03BE3 /* Project object */ = {
			isa = PBXProject;
			attributes = {
				BuildIndependentTargetsInParallel = 1;
				LastSwiftUpdateCheck = 1620;
				LastUpgradeCheck = 1620;
				TargetAttributes = {
					134336D32D8F8E7900E03BE3 = {
						CreatedOnToolsVersion = 16.2;
					};
					134336ED2D8F8ECE00E03BE3 = {
						CreatedOnToolsVersion = 16.2;
					};
				};
			};
			buildConfigurationList = 134336CF2D8F8E7900E03BE3 /* Build configuration list for PBXProject "ReefCycle" */;
			developmentRegion = en;
			hasScannedForEncodings = 0;
			knownRegions = (
				en,
				Base,
			);
			mainGroup = 134336CB2D8F8E7900E03BE3;
			minimizedProjectReferenceProxies = 1;
			packageReferences = (
				C13CBECF2D97C9C40039A11E /* XCRemoteSwiftPackageReference "CodeScanner" */,
			);
			preferredProjectObjectVersion = 77;
			productRefGroup = 134336D52D8F8E7900E03BE3 /* Products */;
			projectDirPath = "";
			projectRoot = "";
			targets = (
				134336D32D8F8E7900E03BE3 /* ReefCycle */,
				134336ED2D8F8ECE00E03BE3 /* ReefMaster */,
			);
		};
/* End PBXProject section */

/* Begin PBXResourcesBuildPhase section */
		134336D22D8F8E7900E03BE3 /* Resources */ = {
			isa = PBXResourcesBuildPhase;
			buildActionMask = 2147483647;
			files = (
				132AE3152D97A92F004CC560 /* Media.xcassets in Resources */,
			);
			runOnlyForDeploymentPostprocessing = 0;
		};
		134336EC2D8F8ECE00E03BE3 /* Resources */ = {
			isa = PBXResourcesBuildPhase;
			buildActionMask = 2147483647;
			files = (
				132AE3162D97A92F004CC560 /* Media.xcassets in Resources */,
			);
			runOnlyForDeploymentPostprocessing = 0;
		};
/* End PBXResourcesBuildPhase section */

/* Begin PBXSourcesBuildPhase section */
		134336D02D8F8E7900E03BE3 /* Sources */ = {
			isa = PBXSourcesBuildPhase;
			buildActionMask = 2147483647;
			files = (
				13433B532D90835E00E03BE3 /* Config.swift in Sources */,
				135FEC3B2D922587002F4A91 /* Queries.swift in Sources */,
			);
			runOnlyForDeploymentPostprocessing = 0;
		};
		134336EA2D8F8ECE00E03BE3 /* Sources */ = {
			isa = PBXSourcesBuildPhase;
			buildActionMask = 2147483647;
			files = (
				13433B542D90835E00E03BE3 /* Config.swift in Sources */,
				135FEC3C2D922587002F4A91 /* Queries.swift in Sources */,
			);
			runOnlyForDeploymentPostprocessing = 0;
		};
/* End PBXSourcesBuildPhase section */

/* Begin XCBuildConfiguration section */
		134336E62D8F8E7A00E03BE3 /* Debug */ = {
			isa = XCBuildConfiguration;
			buildSettings = {
				ASSETCATALOG_COMPILER_APPICON_NAME = AppIcon;
				ASSETCATALOG_COMPILER_GLOBAL_ACCENT_COLOR_NAME = AccentColor;
				CODE_SIGN_ENTITLEMENTS = ReefCycle/ReefCycle.entitlements;
				CODE_SIGN_STYLE = Automatic;
				CURRENT_PROJECT_VERSION = 1;
				DEVELOPMENT_ASSET_PATHS = "\"ReefCycle/Preview Content\"";
				DEVELOPMENT_TEAM = 4R4PJK8UFG;
				ENABLE_PREVIEWS = YES;
				GENERATE_INFOPLIST_FILE = YES;
				INFOPLIST_FILE = ReefCycle/Info.plist;
				INFOPLIST_KEY_UIApplicationSceneManifest_Generation = YES;
				INFOPLIST_KEY_UIApplicationSupportsIndirectInputEvents = YES;
				INFOPLIST_KEY_UILaunchScreen_Generation = YES;
				INFOPLIST_KEY_UISupportedInterfaceOrientations_iPad = "UIInterfaceOrientationPortrait UIInterfaceOrientationPortraitUpsideDown UIInterfaceOrientationLandscapeLeft UIInterfaceOrientationLandscapeRight";
				INFOPLIST_KEY_UISupportedInterfaceOrientations_iPhone = "UIInterfaceOrientationPortrait UIInterfaceOrientationLandscapeLeft UIInterfaceOrientationLandscapeRight";
				LD_RUNPATH_SEARCH_PATHS = (
					"$(inherited)",
					"@executable_path/Frameworks",
				);
				MARKETING_VERSION = 1.0;
				PRODUCT_BUNDLE_IDENTIFIER = alonso284.ReefCycle;
				PRODUCT_NAME = "$(TARGET_NAME)";
				SWIFT_EMIT_LOC_STRINGS = YES;
				SWIFT_VERSION = 5.0;
				TARGETED_DEVICE_FAMILY = "1,2";
			};
			name = Debug;
		};
		134336E72D8F8E7A00E03BE3 /* Release */ = {
			isa = XCBuildConfiguration;
			buildSettings = {
				ASSETCATALOG_COMPILER_APPICON_NAME = AppIcon;
				ASSETCATALOG_COMPILER_GLOBAL_ACCENT_COLOR_NAME = AccentColor;
				CODE_SIGN_ENTITLEMENTS = ReefCycle/ReefCycle.entitlements;
				CODE_SIGN_STYLE = Automatic;
				CURRENT_PROJECT_VERSION = 1;
				DEVELOPMENT_ASSET_PATHS = "\"ReefCycle/Preview Content\"";
				DEVELOPMENT_TEAM = 4R4PJK8UFG;
				ENABLE_PREVIEWS = YES;
				GENERATE_INFOPLIST_FILE = YES;
				INFOPLIST_FILE = ReefCycle/Info.plist;
				INFOPLIST_KEY_UIApplicationSceneManifest_Generation = YES;
				INFOPLIST_KEY_UIApplicationSupportsIndirectInputEvents = YES;
				INFOPLIST_KEY_UILaunchScreen_Generation = YES;
				INFOPLIST_KEY_UISupportedInterfaceOrientations_iPad = "UIInterfaceOrientationPortrait UIInterfaceOrientationPortraitUpsideDown UIInterfaceOrientationLandscapeLeft UIInterfaceOrientationLandscapeRight";
				INFOPLIST_KEY_UISupportedInterfaceOrientations_iPhone = "UIInterfaceOrientationPortrait UIInterfaceOrientationLandscapeLeft UIInterfaceOrientationLandscapeRight";
				LD_RUNPATH_SEARCH_PATHS = (
					"$(inherited)",
					"@executable_path/Frameworks",
				);
				MARKETING_VERSION = 1.0;
				PRODUCT_BUNDLE_IDENTIFIER = alonso284.ReefCycle;
				PRODUCT_NAME = "$(TARGET_NAME)";
				SWIFT_EMIT_LOC_STRINGS = YES;
				SWIFT_VERSION = 5.0;
				TARGETED_DEVICE_FAMILY = "1,2";
			};
			name = Release;
		};
		134336E82D8F8E7A00E03BE3 /* Debug */ = {
			isa = XCBuildConfiguration;
			buildSettings = {
				ALWAYS_SEARCH_USER_PATHS = NO;
				ASSETCATALOG_COMPILER_GENERATE_SWIFT_ASSET_SYMBOL_EXTENSIONS = YES;
				CLANG_ANALYZER_NONNULL = YES;
				CLANG_ANALYZER_NUMBER_OBJECT_CONVERSION = YES_AGGRESSIVE;
				CLANG_CXX_LANGUAGE_STANDARD = "gnu++20";
				CLANG_ENABLE_MODULES = YES;
				CLANG_ENABLE_OBJC_ARC = YES;
				CLANG_ENABLE_OBJC_WEAK = YES;
				CLANG_WARN_BLOCK_CAPTURE_AUTORELEASING = YES;
				CLANG_WARN_BOOL_CONVERSION = YES;
				CLANG_WARN_COMMA = YES;
				CLANG_WARN_CONSTANT_CONVERSION = YES;
				CLANG_WARN_DEPRECATED_OBJC_IMPLEMENTATIONS = YES;
				CLANG_WARN_DIRECT_OBJC_ISA_USAGE = YES_ERROR;
				CLANG_WARN_DOCUMENTATION_COMMENTS = YES;
				CLANG_WARN_EMPTY_BODY = YES;
				CLANG_WARN_ENUM_CONVERSION = YES;
				CLANG_WARN_INFINITE_RECURSION = YES;
				CLANG_WARN_INT_CONVERSION = YES;
				CLANG_WARN_NON_LITERAL_NULL_CONVERSION = YES;
				CLANG_WARN_OBJC_IMPLICIT_RETAIN_SELF = YES;
				CLANG_WARN_OBJC_LITERAL_CONVERSION = YES;
				CLANG_WARN_OBJC_ROOT_CLASS = YES_ERROR;
				CLANG_WARN_QUOTED_INCLUDE_IN_FRAMEWORK_HEADER = YES;
				CLANG_WARN_RANGE_LOOP_ANALYSIS = YES;
				CLANG_WARN_STRICT_PROTOTYPES = YES;
				CLANG_WARN_SUSPICIOUS_MOVE = YES;
				CLANG_WARN_UNGUARDED_AVAILABILITY = YES_AGGRESSIVE;
				CLANG_WARN_UNREACHABLE_CODE = YES;
				CLANG_WARN__DUPLICATE_METHOD_MATCH = YES;
				COPY_PHASE_STRIP = NO;
				DEBUG_INFORMATION_FORMAT = dwarf;
				ENABLE_STRICT_OBJC_MSGSEND = YES;
				ENABLE_TESTABILITY = YES;
				ENABLE_USER_SCRIPT_SANDBOXING = YES;
				GCC_C_LANGUAGE_STANDARD = gnu17;
				GCC_DYNAMIC_NO_PIC = NO;
				GCC_NO_COMMON_BLOCKS = YES;
				GCC_OPTIMIZATION_LEVEL = 0;
				GCC_PREPROCESSOR_DEFINITIONS = (
					"DEBUG=1",
					"$(inherited)",
				);
				GCC_WARN_64_TO_32_BIT_CONVERSION = YES;
				GCC_WARN_ABOUT_RETURN_TYPE = YES_ERROR;
				GCC_WARN_UNDECLARED_SELECTOR = YES;
				GCC_WARN_UNINITIALIZED_AUTOS = YES_AGGRESSIVE;
				GCC_WARN_UNUSED_FUNCTION = YES;
				GCC_WARN_UNUSED_VARIABLE = YES;
				IPHONEOS_DEPLOYMENT_TARGET = 18.2;
				LOCALIZATION_PREFERS_STRING_CATALOGS = YES;
				MTL_ENABLE_DEBUG_INFO = INCLUDE_SOURCE;
				MTL_FAST_MATH = YES;
				ONLY_ACTIVE_ARCH = YES;
				SDKROOT = iphoneos;
				SWIFT_ACTIVE_COMPILATION_CONDITIONS = "DEBUG $(inherited)";
				SWIFT_OPTIMIZATION_LEVEL = "-Onone";
			};
			name = Debug;
		};
		134336E92D8F8E7A00E03BE3 /* Release */ = {
			isa = XCBuildConfiguration;
			buildSettings = {
				ALWAYS_SEARCH_USER_PATHS = NO;
				ASSETCATALOG_COMPILER_GENERATE_SWIFT_ASSET_SYMBOL_EXTENSIONS = YES;
				CLANG_ANALYZER_NONNULL = YES;
				CLANG_ANALYZER_NUMBER_OBJECT_CONVERSION = YES_AGGRESSIVE;
				CLANG_CXX_LANGUAGE_STANDARD = "gnu++20";
				CLANG_ENABLE_MODULES = YES;
				CLANG_ENABLE_OBJC_ARC = YES;
				CLANG_ENABLE_OBJC_WEAK = YES;
				CLANG_WARN_BLOCK_CAPTURE_AUTORELEASING = YES;
				CLANG_WARN_BOOL_CONVERSION = YES;
				CLANG_WARN_COMMA = YES;
				CLANG_WARN_CONSTANT_CONVERSION = YES;
				CLANG_WARN_DEPRECATED_OBJC_IMPLEMENTATIONS = YES;
				CLANG_WARN_DIRECT_OBJC_ISA_USAGE = YES_ERROR;
				CLANG_WARN_DOCUMENTATION_COMMENTS = YES;
				CLANG_WARN_EMPTY_BODY = YES;
				CLANG_WARN_ENUM_CONVERSION = YES;
				CLANG_WARN_INFINITE_RECURSION = YES;
				CLANG_WARN_INT_CONVERSION = YES;
				CLANG_WARN_NON_LITERAL_NULL_CONVERSION = YES;
				CLANG_WARN_OBJC_IMPLICIT_RETAIN_SELF = YES;
				CLANG_WARN_OBJC_LITERAL_CONVERSION = YES;
				CLANG_WARN_OBJC_ROOT_CLASS = YES_ERROR;
				CLANG_WARN_QUOTED_INCLUDE_IN_FRAMEWORK_HEADER = YES;
				CLANG_WARN_RANGE_LOOP_ANALYSIS = YES;
				CLANG_WARN_STRICT_PROTOTYPES = YES;
				CLANG_WARN_SUSPICIOUS_MOVE = YES;
				CLANG_WARN_UNGUARDED_AVAILABILITY = YES_AGGRESSIVE;
				CLANG_WARN_UNREACHABLE_CODE = YES;
				CLANG_WARN__DUPLICATE_METHOD_MATCH = YES;
				COPY_PHASE_STRIP = NO;
				DEBUG_INFORMATION_FORMAT = "dwarf-with-dsym";
				ENABLE_NS_ASSERTIONS = NO;
				ENABLE_STRICT_OBJC_MSGSEND = YES;
				ENABLE_USER_SCRIPT_SANDBOXING = YES;
				GCC_C_LANGUAGE_STANDARD = gnu17;
				GCC_NO_COMMON_BLOCKS = YES;
				GCC_WARN_64_TO_32_BIT_CONVERSION = YES;
				GCC_WARN_ABOUT_RETURN_TYPE = YES_ERROR;
				GCC_WARN_UNDECLARED_SELECTOR = YES;
				GCC_WARN_UNINITIALIZED_AUTOS = YES_AGGRESSIVE;
				GCC_WARN_UNUSED_FUNCTION = YES;
				GCC_WARN_UNUSED_VARIABLE = YES;
				IPHONEOS_DEPLOYMENT_TARGET = 18.2;
				LOCALIZATION_PREFERS_STRING_CATALOGS = YES;
				MTL_ENABLE_DEBUG_INFO = NO;
				MTL_FAST_MATH = YES;
				SDKROOT = iphoneos;
				SWIFT_COMPILATION_MODE = wholemodule;
				VALIDATE_PRODUCT = YES;
			};
			name = Release;
		};
		134336FF2D8F8ECF00E03BE3 /* Debug */ = {
			isa = XCBuildConfiguration;
			buildSettings = {
				ASSETCATALOG_COMPILER_APPICON_NAME = AppIcon;
				ASSETCATALOG_COMPILER_GLOBAL_ACCENT_COLOR_NAME = AccentColor;
				CODE_SIGN_ENTITLEMENTS = ReefMaster/ReefMaster.entitlements;
				CODE_SIGN_STYLE = Automatic;
				CURRENT_PROJECT_VERSION = 1;
				DEVELOPMENT_ASSET_PATHS = "\"ReefMaster/Preview Content\"";
				DEVELOPMENT_TEAM = 4R4PJK8UFG;
				ENABLE_PREVIEWS = YES;
				GENERATE_INFOPLIST_FILE = YES;
				INFOPLIST_FILE = ReefMaster/Info.plist;
				INFOPLIST_KEY_UIApplicationSceneManifest_Generation = YES;
				INFOPLIST_KEY_UIApplicationSupportsIndirectInputEvents = YES;
				INFOPLIST_KEY_UILaunchScreen_Generation = YES;
				INFOPLIST_KEY_UISupportedInterfaceOrientations_iPad = "UIInterfaceOrientationPortrait UIInterfaceOrientationPortraitUpsideDown UIInterfaceOrientationLandscapeLeft UIInterfaceOrientationLandscapeRight";
				INFOPLIST_KEY_UISupportedInterfaceOrientations_iPhone = "UIInterfaceOrientationPortrait UIInterfaceOrientationLandscapeLeft UIInterfaceOrientationLandscapeRight";
				LD_RUNPATH_SEARCH_PATHS = (
					"$(inherited)",
					"@executable_path/Frameworks",
				);
				MARKETING_VERSION = 1.0;
				PRODUCT_BUNDLE_IDENTIFIER = alonso284.ReefMaster;
				PRODUCT_NAME = "$(TARGET_NAME)";
				SWIFT_EMIT_LOC_STRINGS = YES;
				SWIFT_VERSION = 5.0;
				TARGETED_DEVICE_FAMILY = "1,2";
			};
			name = Debug;
		};
		134337002D8F8ECF00E03BE3 /* Release */ = {
			isa = XCBuildConfiguration;
			buildSettings = {
				ASSETCATALOG_COMPILER_APPICON_NAME = AppIcon;
				ASSETCATALOG_COMPILER_GLOBAL_ACCENT_COLOR_NAME = AccentColor;
				CODE_SIGN_ENTITLEMENTS = ReefMaster/ReefMaster.entitlements;
				CODE_SIGN_STYLE = Automatic;
				CURRENT_PROJECT_VERSION = 1;
				DEVELOPMENT_ASSET_PATHS = "\"ReefMaster/Preview Content\"";
				DEVELOPMENT_TEAM = 4R4PJK8UFG;
				ENABLE_PREVIEWS = YES;
				GENERATE_INFOPLIST_FILE = YES;
				INFOPLIST_FILE = ReefMaster/Info.plist;
				INFOPLIST_KEY_UIApplicationSceneManifest_Generation = YES;
				INFOPLIST_KEY_UIApplicationSupportsIndirectInputEvents = YES;
				INFOPLIST_KEY_UILaunchScreen_Generation = YES;
				INFOPLIST_KEY_UISupportedInterfaceOrientations_iPad = "UIInterfaceOrientationPortrait UIInterfaceOrientationPortraitUpsideDown UIInterfaceOrientationLandscapeLeft UIInterfaceOrientationLandscapeRight";
				INFOPLIST_KEY_UISupportedInterfaceOrientations_iPhone = "UIInterfaceOrientationPortrait UIInterfaceOrientationLandscapeLeft UIInterfaceOrientationLandscapeRight";
				LD_RUNPATH_SEARCH_PATHS = (
					"$(inherited)",
					"@executable_path/Frameworks",
				);
				MARKETING_VERSION = 1.0;
				PRODUCT_BUNDLE_IDENTIFIER = alonso284.ReefMaster;
				PRODUCT_NAME = "$(TARGET_NAME)";
				SWIFT_EMIT_LOC_STRINGS = YES;
				SWIFT_VERSION = 5.0;
				TARGETED_DEVICE_FAMILY = "1,2";
			};
			name = Release;
		};
/* End XCBuildConfiguration section */

/* Begin XCConfigurationList section */
		134336CF2D8F8E7900E03BE3 /* Build configuration list for PBXProject "ReefCycle" */ = {
			isa = XCConfigurationList;
			buildConfigurations = (
				134336E82D8F8E7A00E03BE3 /* Debug */,
				134336E92D8F8E7A00E03BE3 /* Release */,
			);
			defaultConfigurationIsVisible = 0;
			defaultConfigurationName = Release;
		};
		134336E52D8F8E7A00E03BE3 /* Build configuration list for PBXNativeTarget "ReefCycle" */ = {
			isa = XCConfigurationList;
			buildConfigurations = (
				134336E62D8F8E7A00E03BE3 /* Debug */,
				134336E72D8F8E7A00E03BE3 /* Release */,
			);
			defaultConfigurationIsVisible = 0;
			defaultConfigurationName = Release;
		};
		134336FE2D8F8ECF00E03BE3 /* Build configuration list for PBXNativeTarget "ReefMaster" */ = {
			isa = XCConfigurationList;
			buildConfigurations = (
				134336FF2D8F8ECF00E03BE3 /* Debug */,
				134337002D8F8ECF00E03BE3 /* Release */,
			);
			defaultConfigurationIsVisible = 0;
			defaultConfigurationName = Release;
		};
/* End XCConfigurationList section */

/* Begin XCRemoteSwiftPackageReference section */
		C13CBECF2D97C9C40039A11E /* XCRemoteSwiftPackageReference "CodeScanner" */ = {
			isa = XCRemoteSwiftPackageReference;
			repositoryURL = "https://github.com/twostraws/CodeScanner.git";
			requirement = {
				kind = upToNextMajorVersion;
				minimumVersion = 2.5.2;
			};
		};
/* End XCRemoteSwiftPackageReference section */

/* Begin XCSwiftPackageProductDependency section */
		C13CBED02D97C9C40039A11E /* CodeScanner */ = {
			isa = XCSwiftPackageProductDependency;
			package = C13CBECF2D97C9C40039A11E /* XCRemoteSwiftPackageReference "CodeScanner" */;
			productName = CodeScanner;
		};
/* End XCSwiftPackageProductDependency section */
	};
	rootObject = 134336CC2D8F8E7900E03BE3 /* Project object */;
}
